
Microsoft Visual Studio Solution File, Format Version 11.00
# Visual Studio 2010
Project("{FAE04EC0-301F-11D3-BF4B-00C04F79EFBC}") = "EfCodeFirstDemo.App", "EfCodeFirstDemo.App\EfCodeFirstDemo.App.csproj", "{EA108E26-D9FE-4862-9CCF-B6EF8FF685F0}"
EndProject
Project("{FAE04EC0-301F-11D3-BF4B-00C04F79EFBC}") = "DemoWebApp", "DemoWebApp\DemoWebApp.csproj", "{221129A9-ACA4-4690-9953-C056C5194CF8}"
EndProject
Project("{FAE04EC0-301F-11D3-BF4B-00C04F79EFBC}") = "Entities.Conventions", "Entities.Conventions\Entities.Conventions.csproj", "{257AF758-6D5A-47A0-95EA-FA17B2C862E1}"
EndProject
Project("{FAE04EC0-301F-11D3-BF4B-00C04F79EFBC}") = "Entities.Attributes", "Entities.Attributes\Entities.Attributes.csproj", "{EDA27FB9-BCF7-485F-AEEF-56990B800326}"
EndProject
Project("{FAE04EC0-301F-11D3-BF4B-00C04F79EFBC}") = "Entities.Fluent", "Entities.Fluent\Entities.Fluent.csproj", "{54220A62-BC99-45AE-9C5D-12E76F524BF2}"
EndProject
Project("{FAE04EC0-301F-11D3-BF4B-00C04F79EFBC}") = "Common", "Common\Common.csproj", "{C782F4B8-D272-4EC1-A032-C5C0550A9EFA}"
EndProject
Project("{2150E333-8FDC-42A3-9474-1A3956D46DE8}") = "Entities", "Entities", "{24501CF8-4A8C-4166-9317-6B68491C7158}"
EndProject
Project("{FAE04EC0-301F-11D3-BF4B-00C04F79EFBC}") = "Entities.Edmx", "Entities.Edmx\Entities.Edmx.csproj", "{7551EEC2-6181-4A2A-BCA9-FBC1D2C94CD4}"
EndProject
Global
	GlobalSection(SolutionConfigurationPlatforms) = preSolution
		Debug|Any CPU = Debug|Any CPU
		Debug|Mixed Platforms = Debug|Mixed Platforms
		Debug|x86 = Debug|x86
		Release|Any CPU = Release|Any CPU
		Release|Mixed Platforms = Release|Mixed Platforms
		Release|x86 = Release|x86
	EndGlobalSection
	GlobalSection(ProjectConfigurationPlatforms) = postSolution
		{EA108E26-D9FE-4862-9CCF-B6EF8FF685F0}.Debug|Any CPU.ActiveCfg = Debug|x86
		{EA108E26-D9FE-4862-9CCF-B6EF8FF685F0}.Debug|Mixed Platforms.ActiveCfg = Debug|x86
		{EA108E26-D9FE-4862-9CCF-B6EF8FF685F0}.Debug|Mixed Platforms.Build.0 = Debug|x86
		{EA108E26-D9FE-4862-9CCF-B6EF8FF685F0}.Debug|x86.ActiveCfg = Debug|x86
		{EA108E26-D9FE-4862-9CCF-B6EF8FF685F0}.Debug|x86.Build.0 = Debug|x86
		{EA108E26-D9FE-4862-9CCF-B6EF8FF685F0}.Release|Any CPU.ActiveCfg = Release|x86
		{EA108E26-D9FE-4862-9CCF-B6EF8FF685F0}.Release|Mixed Platforms.ActiveCfg = Release|x86
		{EA108E26-D9FE-4862-9CCF-B6EF8FF685F0}.Release|Mixed Platforms.Build.0 = Release|x86
		{EA108E26-D9FE-4862-9CCF-B6EF8FF685F0}.Release|x86.ActiveCfg = Release|x86
		{EA108E26-D9FE-4862-9CCF-B6EF8FF685F0}.Release|x86.Build.0 = Release|x86
		{221129A9-ACA4-4690-9953-C056C5194CF8}.Debug|Any CPU.ActiveCfg = Debug|Any CPU
		{221129A9-ACA4-4690-9953-C056C5194CF8}.Debug|Any CPU.Build.0 = Debug|Any CPU
		{221129A9-ACA4-4690-9953-C056C5194CF8}.Debug|Mixed Platforms.ActiveCfg = Debug|Any CPU
		{221129A9-ACA4-4690-9953-C056C5194CF8}.Debug|Mixed Platforms.Build.0 = Debug|Any CPU
		{221129A9-ACA4-4690-9953-C056C5194CF8}.Debug|x86.ActiveCfg = Debug|Any CPU
		{221129A9-ACA4-4690-9953-C056C5194CF8}.Release|Any CPU.ActiveCfg = Release|Any CPU
		{221129A9-ACA4-4690-9953-C056C5194CF8}.Release|Any CPU.Build.0 = Release|Any CPU
		{221129A9-ACA4-4690-9953-C056C5194CF8}.Release|Mixed Platforms.ActiveCfg = Release|Any CPU
		{221129A9-ACA4-4690-9953-C056C5194CF8}.Release|Mixed Platforms.Build.0 = Release|Any CPU
		{221129A9-ACA4-4690-9953-C056C5194CF8}.Release|x86.ActiveCfg = Release|Any CPU
		{257AF758-6D5A-47A0-95EA-FA17B2C862E1}.Debug|Any CPU.ActiveCfg = Debug|Any CPU
		{257AF758-6D5A-47A0-95EA-FA17B2C862E1}.Debug|Any CPU.Build.0 = Debug|Any CPU
		{257AF758-6D5A-47A0-95EA-FA17B2C862E1}.Debug|Mixed Platforms.ActiveCfg = Debug|Any CPU
		{257AF758-6D5A-47A0-95EA-FA17B2C862E1}.Debug|Mixed Platforms.Build.0 = Debug|Any CPU
		{257AF758-6D5A-47A0-95EA-FA17B2C862E1}.Debug|x86.ActiveCfg = Debug|Any CPU
		{257AF758-6D5A-47A0-95EA-FA17B2C862E1}.Release|Any CPU.ActiveCfg = Release|Any CPU
		{257AF758-6D5A-47A0-95EA-FA17B2C862E1}.Release|Any CPU.Build.0 = Release|Any CPU
		{257AF758-6D5A-47A0-95EA-FA17B2C862E1}.Release|Mixed Platforms.ActiveCfg = Release|Any CPU
		{257AF758-6D5A-47A0-95EA-FA17B2C862E1}.Release|Mixed Platforms.Build.0 = Release|Any CPU
		{257AF758-6D5A-47A0-95EA-FA17B2C862E1}.Release|x86.ActiveCfg = Release|Any CPU
		{EDA27FB9-BCF7-485F-AEEF-56990B800326}.Debug|Any CPU.ActiveCfg = Debug|Any CPU
		{EDA27FB9-BCF7-485F-AEEF-56990B800326}.Debug|Any CPU.Build.0 = Debug|Any CPU
		{EDA27FB9-BCF7-485F-AEEF-56990B800326}.Debug|Mixed Platforms.ActiveCfg = Debug|Any CPU
		{EDA27FB9-BCF7-485F-AEEF-56990B800326}.Debug|Mixed Platforms.Build.0 = Debug|Any CPU
		{EDA27FB9-BCF7-485F-AEEF-56990B800326}.Debug|x86.ActiveCfg = Debug|Any CPU
		{EDA27FB9-BCF7-485F-AEEF-56990B800326}.Release|Any CPU.ActiveCfg = Release|Any CPU
		{EDA27FB9-BCF7-485F-AEEF-56990B800326}.Release|Any CPU.Build.0 = Release|Any CPU
		{EDA27FB9-BCF7-485F-AEEF-56990B800326}.Release|Mixed Platforms.ActiveCfg = Release|Any CPU
		{EDA27FB9-BCF7-485F-AEEF-56990B800326}.Release|Mixed Platforms.Build.0 = Release|Any CPU
		{EDA27FB9-BCF7-485F-AEEF-56990B800326}.Release|x86.ActiveCfg = Release|Any CPU
		{54220A62-BC99-45AE-9C5D-12E76F524BF2}.Debug|Any CPU.ActiveCfg = Debug|Any CPU
		{54220A62-BC99-45AE-9C5D-12E76F524BF2}.Debug|Any CPU.Build.0 = Debug|Any CPU
		{54220A62-BC99-45AE-9C5D-12E76F524BF2}.Debug|Mixed Platforms.ActiveCfg = Debug|Any CPU
		{54220A62-BC99-45AE-9C5D-12E76F524BF2}.Debug|Mixed Platforms.Build.0 = Debug|Any CPU
		{54220A62-BC99-45AE-9C5D-12E76F524BF2}.Debug|x86.ActiveCfg = Debug|Any CPU
		{54220A62-BC99-45AE-9C5D-12E76F524BF2}.Release|Any CPU.ActiveCfg = Release|Any CPU
		{54220A62-BC99-45AE-9C5D-12E76F524BF2}.Release|Any CPU.Build.0 = Release|Any CPU
		{54220A62-BC99-45AE-9C5D-12E76F524BF2}.Release|Mixed Platforms.ActiveCfg = Release|Any CPU
		{54220A62-BC99-45AE-9C5D-12E76F524BF2}.Release|Mixed Platforms.Build.0 = Release|Any CPU
		{54220A62-BC99-45AE-9C5D-12E76F524BF2}.Release|x86.ActiveCfg = Release|Any CPU
		{C782F4B8-D272-4EC1-A032-C5C0550A9EFA}.Debug|Any CPU.ActiveCfg = Debug|Any CPU
		{C782F4B8-D272-4EC1-A032-C5C0550A9EFA}.Debug|Any CPU.Build.0 = Debug|Any CPU
		{C782F4B8-D272-4EC1-A032-C5C0550A9EFA}.Debug|Mixed Platforms.ActiveCfg = Debug|Any CPU
		{C782F4B8-D272-4EC1-A032-C5C0550A9EFA}.Debug|Mixed Platforms.Build.0 = Debug|Any CPU
		{C782F4B8-D272-4EC1-A032-C5C0550A9EFA}.Debug|x86.ActiveCfg = Debug|Any CPU
		{C782F4B8-D272-4EC1-A032-C5C0550A9EFA}.Release|Any CPU.ActiveCfg = Release|Any CPU
		{C782F4B8-D272-4EC1-A032-C5C0550A9EFA}.Release|Any CPU.Build.0 = Release|Any CPU
		{C782F4B8-D272-4EC1-A032-C5C0550A9EFA}.Release|Mixed Platforms.ActiveCfg = Release|Any CPU
		{C782F4B8-D272-4EC1-A032-C5C0550A9EFA}.Release|Mixed Platforms.Build.0 = Release|Any CPU
		{C782F4B8-D272-4EC1-A032-C5C0550A9EFA}.Release|x86.ActiveCfg = Release|Any CPU
		{7551EEC2-6181-4A2A-BCA9-FBC1D2C94CD4}.Debug|Any CPU.ActiveCfg = Debug|Any CPU
		{7551EEC2-6181-4A2A-BCA9-FBC1D2C94CD4}.Debug|Any CPU.Build.0 = Debug|Any CPU
		{7551EEC2-6181-4A2A-BCA9-FBC1D2C94CD4}.Debug|Mixed Platforms.ActiveCfg = Debug|Any CPU
		{7551EEC2-6181-4A2A-BCA9-FBC1D2C94CD4}.Debug|Mixed Platforms.Build.0 = Debug|Any CPU
		{7551EEC2-6181-4A2A-BCA9-FBC1D2C94CD4}.Debug|x86.ActiveCfg = Debug|Any CPU
		{7551EEC2-6181-4A2A-BCA9-FBC1D2C94CD4}.Release|Any CPU.ActiveCfg = Release|Any CPU
		{7551EEC2-6181-4A2A-BCA9-FBC1D2C94CD4}.Release|Any CPU.Build.0 = Release|Any CPU
		{7551EEC2-6181-4A2A-BCA9-FBC1D2C94CD4}.Release|Mixed Platforms.ActiveCfg = Release|Any CPU
		{7551EEC2-6181-4A2A-BCA9-FBC1D2C94CD4}.Release|Mixed Platforms.Build.0 = Release|Any CPU
		{7551EEC2-6181-4A2A-BCA9-FBC1D2C94CD4}.Release|x86.ActiveCfg = Release|Any CPU
	EndGlobalSection
	GlobalSection(SolutionProperties) = preSolution
		HideSolutionNode = FALSE
	EndGlobalSection
	GlobalSection(NestedProjects) = preSolution
		{EDA27FB9-BCF7-485F-AEEF-56990B800326} = {24501CF8-4A8C-4166-9317-6B68491C7158}
		{54220A62-BC99-45AE-9C5D-12E76F524BF2} = {24501CF8-4A8C-4166-9317-6B68491C7158}
		{257AF758-6D5A-47A0-95EA-FA17B2C862E1} = {24501CF8-4A8C-4166-9317-6B68491C7158}
		{7551EEC2-6181-4A2A-BCA9-FBC1D2C94CD4} = {24501CF8-4A8C-4166-9317-6B68491C7158}
	EndGlobalSection
EndGlobal
